
Microsoft Visual Studio Solution File, Format Version 12.00
# Visual Studio Version 17
VisualStudioVersion = 17.0.31903.59
MinimumVisualStudioVersion = 10.0.40219.1
Project("{2150E333-8FDC-42A3-9474-1A3956D46DE8}") = "src", "src", "{D2176DB7-E125-438E-B04D-007B75C9E30F}"
EndProject
Project("{9A19103F-16F7-4668-BE54-9A1E7A4F7556}") = "BooksApp.API", "src\BooksApp.API\BooksApp.API.csproj", "{1AC7EE36-B5DF-4037-B9BE-C5E2017C547F}"
EndProject
Project("{9A19103F-16F7-4668-BE54-9A1E7A4F7556}") = "BooksApp.Application", "src\BooksApp.Application\BooksApp.Application.csproj", "{AF8BEF70-5EC4-42B2-AB01-7E94FB37244E}"
EndProject
Project("{9A19103F-16F7-4668-BE54-9A1E7A4F7556}") = "BooksApp.Domain", "src\BooksApp.Domain\BooksApp.Domain.csproj", "{454F21EB-3730-42F5-A8C3-E49C1547A248}"
EndProject
Project("{9A19103F-16F7-4668-BE54-9A1E7A4F7556}") = "BooksApp.Infrastructure", "src\BooksApp.Infrastructure\BooksApp.Infrastructure.csproj", "{F621A38D-0893-430F-9521-B6FEBA64C8DE}"
EndProject
Project("{E53339B2-1760-4266-BCC7-CA923CBCF16C}") = "docker-compose", "docker-compose.dcproj", "{D61F940F-7278-4AE0-A931-043702A23FBE}"
EndProject
Project("{FAE04EC0-301F-11D3-BF4B-00C04F79EFBC}") = "BooksApp.Contracts", "src\BooksApp.Contracts\BooksApp.Contracts.csproj", "{97A53B7E-3996-4E44-93D5-BA93B0203778}"
EndProject
Project("{FAE04EC0-301F-11D3-BF4B-00C04F79EFBC}") = "TestCommon", "tests\TestCommon\TestCommon.csproj", "{D972B807-F79A-47F7-B33C-CEF6F6E4125B}"
EndProject
Project("{FAE04EC0-301F-11D3-BF4B-00C04F79EFBC}") = "BooksApp.Application.UnitTests", "tests\BooksApp.Application.UnitTests\BooksApp.Application.UnitTests.csproj", "{5AB39B6C-9970-42CA-811D-C9F642173DCB}"
EndProject
Global
	GlobalSection(SolutionConfigurationPlatforms) = preSolution
		Debug|Any CPU = Debug|Any CPU
		Release|Any CPU = Release|Any CPU
	EndGlobalSection
	GlobalSection(ProjectConfigurationPlatforms) = postSolution
		{1AC7EE36-B5DF-4037-B9BE-C5E2017C547F}.Debug|Any CPU.ActiveCfg = Debug|Any CPU
		{1AC7EE36-B5DF-4037-B9BE-C5E2017C547F}.Debug|Any CPU.Build.0 = Debug|Any CPU
		{1AC7EE36-B5DF-4037-B9BE-C5E2017C547F}.Release|Any CPU.ActiveCfg = Release|Any CPU
		{1AC7EE36-B5DF-4037-B9BE-C5E2017C547F}.Release|Any CPU.Build.0 = Release|Any CPU
		{AF8BEF70-5EC4-42B2-AB01-7E94FB37244E}.Debug|Any CPU.ActiveCfg = Debug|Any CPU
		{AF8BEF70-5EC4-42B2-AB01-7E94FB37244E}.Debug|Any CPU.Build.0 = Debug|Any CPU
		{AF8BEF70-5EC4-42B2-AB01-7E94FB37244E}.Release|Any CPU.ActiveCfg = Release|Any CPU
		{AF8BEF70-5EC4-42B2-AB01-7E94FB37244E}.Release|Any CPU.Build.0 = Release|Any CPU
		{454F21EB-3730-42F5-A8C3-E49C1547A248}.Debug|Any CPU.ActiveCfg = Debug|Any CPU
		{454F21EB-3730-42F5-A8C3-E49C1547A248}.Debug|Any CPU.Build.0 = Debug|Any CPU
		{454F21EB-3730-42F5-A8C3-E49C1547A248}.Release|Any CPU.ActiveCfg = Release|Any CPU
		{454F21EB-3730-42F5-A8C3-E49C1547A248}.Release|Any CPU.Build.0 = Release|Any CPU
		{F621A38D-0893-430F-9521-B6FEBA64C8DE}.Debug|Any CPU.ActiveCfg = Debug|Any CPU
		{F621A38D-0893-430F-9521-B6FEBA64C8DE}.Debug|Any CPU.Build.0 = Debug|Any CPU
		{F621A38D-0893-430F-9521-B6FEBA64C8DE}.Release|Any CPU.ActiveCfg = Release|Any CPU
		{F621A38D-0893-430F-9521-B6FEBA64C8DE}.Release|Any CPU.Build.0 = Release|Any CPU
		{D61F940F-7278-4AE0-A931-043702A23FBE}.Debug|Any CPU.ActiveCfg = Debug|Any CPU
		{D61F940F-7278-4AE0-A931-043702A23FBE}.Debug|Any CPU.Build.0 = Debug|Any CPU
		{D61F940F-7278-4AE0-A931-043702A23FBE}.Release|Any CPU.ActiveCfg = Release|Any CPU
		{D61F940F-7278-4AE0-A931-043702A23FBE}.Release|Any CPU.Build.0 = Release|Any CPU
		{97A53B7E-3996-4E44-93D5-BA93B0203778}.Debug|Any CPU.ActiveCfg = Debug|Any CPU
		{97A53B7E-3996-4E44-93D5-BA93B0203778}.Debug|Any CPU.Build.0 = Debug|Any CPU
		{97A53B7E-3996-4E44-93D5-BA93B0203778}.Release|Any CPU.ActiveCfg = Release|Any CPU
		{97A53B7E-3996-4E44-93D5-BA93B0203778}.Release|Any CPU.Build.0 = Release|Any CPU
		{D972B807-F79A-47F7-B33C-CEF6F6E4125B}.Debug|Any CPU.ActiveCfg = Debug|Any CPU
		{D972B807-F79A-47F7-B33C-CEF6F6E4125B}.Debug|Any CPU.Build.0 = Debug|Any CPU
		{D972B807-F79A-47F7-B33C-CEF6F6E4125B}.Release|Any CPU.ActiveCfg = Release|Any CPU
		{D972B807-F79A-47F7-B33C-CEF6F6E4125B}.Release|Any CPU.Build.0 = Release|Any CPU
		{5AB39B6C-9970-42CA-811D-C9F642173DCB}.Debug|Any CPU.ActiveCfg = Debug|Any CPU
		{5AB39B6C-9970-42CA-811D-C9F642173DCB}.Debug|Any CPU.Build.0 = Debug|Any CPU
		{5AB39B6C-9970-42CA-811D-C9F642173DCB}.Release|Any CPU.ActiveCfg = Release|Any CPU
		{5AB39B6C-9970-42CA-811D-C9F642173DCB}.Release|Any CPU.Build.0 = Release|Any CPU
	EndGlobalSection
	GlobalSection(SolutionProperties) = preSolution
		HideSolutionNode = FALSE
	EndGlobalSection
	GlobalSection(NestedProjects) = preSolution
		{1AC7EE36-B5DF-4037-B9BE-C5E2017C547F} = {D2176DB7-E125-438E-B04D-007B75C9E30F}
		{AF8BEF70-5EC4-42B2-AB01-7E94FB37244E} = {D2176DB7-E125-438E-B04D-007B75C9E30F}
		{454F21EB-3730-42F5-A8C3-E49C1547A248} = {D2176DB7-E125-438E-B04D-007B75C9E30F}
		{F621A38D-0893-430F-9521-B6FEBA64C8DE} = {D2176DB7-E125-438E-B04D-007B75C9E30F}
		{97A53B7E-3996-4E44-93D5-BA93B0203778} = {D2176DB7-E125-438E-B04D-007B75C9E30F}
	EndGlobalSection
	GlobalSection(ExtensibilityGlobals) = postSolution
		SolutionGuid = {B8D9923F-3F14-4D50-9DE0-E0C593BF79CF}
	EndGlobalSection
EndGlobal
